Microsoft Visual Studio Solution File, Format Version 12.00
# Visual Studio Version 17
VisualStudioVersion = 17.5.2.0
MinimumVisualStudioVersion = 10.0.40219.1
Project("{FAE04EC0-301F-11D3-BF4B-00C04F79EFBC}") = "owd.OuterWilds.UncapFps", "owd.OuterWilds.UncapFps.csproj", "{29F5AB71-8A6B-BB6A-167C-40A09EEB2566}"
EndProject
Global
	GlobalSection(SolutionConfigurationPlatforms) = preSolution
		Debug|Any CPU = Debug|Any CPU
		Release|Any CPU = Release|Any CPU
	EndGlobalSection
	GlobalSection(ProjectConfigurationPlatforms) = postSolution
		{29F5AB71-8A6B-BB6A-167C-40A09EEB2566}.Debug|Any CPU.ActiveCfg = Debug|Any CPU
		{29F5AB71-8A6B-BB6A-167C-40A09EEB2566}.Debug|Any CPU.Build.0 = Debug|Any CPU
		{29F5AB71-8A6B-BB6A-167C-40A09EEB2566}.Release|Any CPU.ActiveCfg = Release|Any CPU
		{29F5AB71-8A6B-BB6A-167C-40A09EEB2566}.Release|Any CPU.Build.0 = Release|Any CPU
	EndGlobalSection
	GlobalSection(SolutionProperties) = preSolution
		HideSolutionNode = FALSE
	EndGlobalSection
	GlobalSection(ExtensibilityGlobals) = postSolution
		SolutionGuid = {B12AA09A-7DD6-455F-948C-1DA7C68CDE88}
	EndGlobalSection
EndGlobal
